{
    "_meta": {
        "hash": {
            "sha256": "575ce436ded20b457ffb097809be61446bc360c87a00395ab2970f0dce40c142"
        },
        "pipfile-spec": 6,
        "requires": {
            "python_version": "3.9.18"
        },
        "sources": [
            {
                "name": "pypi",
                "url": "https://pypi.org/simple",
                "verify_ssl": true
            }
        ]
    },
    "default": {},
    "develop": {}
}
